
Microsoft Visual Studio Solution File, Format Version 12.00
# Visual Studio Version 16
VisualStudioVersion = 16.0.31129.286
MinimumVisualStudioVersion = 10.0.40219.1
Project("{FAE04EC0-301F-11D3-BF4B-00C04F79EFBC}") = "youtubedemonetcore", "youtubedemonetcore.csproj", "{6F27532E-9B4C-4B84-B289-77322BEE004E}"
EndProject
Global
	GlobalSection(SolutionConfigurationPlatforms) = preSolution
		Debug|Any CPU = Debug|Any CPU
		Release|Any CPU = Release|Any CPU
	EndGlobalSection
	GlobalSection(ProjectConfigurationPlatforms) = postSolution
		{6F27532E-9B4C-4B84-B289-77322BEE004E}.Debug|Any CPU.ActiveCfg = Debug|Any CPU
		{6F27532E-9B4C-4B84-B289-77322BEE004E}.Debug|Any CPU.Build.0 = Debug|Any CPU
		{6F27532E-9B4C-4B84-B289-77322BEE004E}.Release|Any CPU.ActiveCfg = Release|Any CPU
		{6F27532E-9B4C-4B84-B289-77322BEE004E}.Release|Any CPU.Build.0 = Release|Any CPU
	EndGlobalSection
	GlobalSection(SolutionProperties) = preSolution
		HideSolutionNode = FALSE
	EndGlobalSection
	GlobalSection(ExtensibilityGlobals) = postSolution
		SolutionGuid = {EA659526-0D4C-47BF-B403-C30F4286AD85}
	EndGlobalSection
EndGlobal
